schema: '2.0'
stages:
  data_ingestion:
    cmd: python src/data_ingestion.py
    deps:
    - path: src/data_ingestion.py
      hash: md5
      md5: 00a20c34de7be321f15a45699148a37c
      size: 3530
    params:
      params.yaml:
        data_ingestion.test_size: 0.2
    outs:
    - path: data/raw
      hash: md5
      md5: 6a4d11ab83c20d7412f4696595c0b4d1.dir
      size: 479272
      nfiles: 2
  data_preprocessing:
    cmd: python src/data_preprocessing.py
    deps:
    - path: data/raw
      hash: md5
      md5: 6a4d11ab83c20d7412f4696595c0b4d1.dir
      size: 479272
      nfiles: 2
    - path: src/data_preprocessing.py
      hash: md5
      md5: d8acb0174028f538f6811892b1d95816
      size: 3868
    outs:
    - path: data/interim
      hash: md5
      md5: d3f80ea917209a657caed01201ee2780.dir
      size: 254818
      nfiles: 2
  feature_engineering:
    cmd: python src/feature_engineering.py
    deps:
    - path: data/interim
      hash: md5
      md5: d3f80ea917209a657caed01201ee2780.dir
      size: 254818
      nfiles: 2
    - path: src/feature_engineering.py
      hash: md5
      md5: c8828412c3be4c389667bcdc5d2c1376
      size: 3774
    params:
      params.yaml:
        feature_engineering.max_features: 100
    outs:
    - path: data/processed
      hash: md5
      md5: e82d7caf51748191ea7da3ab1d23e045.dir
      size: 2297149
      nfiles: 2
  model_building:
    cmd: python src/model_building.py
    deps:
    - path: data/processed
      hash: md5
      md5: e82d7caf51748191ea7da3ab1d23e045.dir
      size: 2297149
      nfiles: 2
    - path: src/model_building.py
      hash: md5
      md5: b9904825d782bf12caa400db4d808a77
      size: 4242
    params:
      params.yaml:
        model_building.n_estimators: 50
        model_building.random_state: 2
    outs:
    - path: models/model.pkl
      hash: md5
      md5: c778ed74d40747afa9941b3d232571ed
      size: 2592779
  model_evaluation:
    cmd: python src/model_evaluation.py
    deps:
    - path: models/model.pkl
      hash: md5
      md5: c778ed74d40747afa9941b3d232571ed
      size: 2592779
    - path: src/model_evaluation.py
      hash: md5
      md5: b64925e2f20138fc328acbbb48cdf2ec
      size: 4408
    outs:
    - path: reports/metrics.json
      hash: md5
      md5: ab916cd935c3c01858369daf27f99d9c
      size: 140
